// !$*UTF8*$!
{
	archiveVersion = 1;
	classes = {
	};
	objectVersion = 56;
	objects = {

/* Begin PBXBuildFile section */
		ABAE65E429C02A8A00F7D7BD /* BusketlistApp.swift in Sources */ = {isa = PBXBuildFile; fileRef = ABAE65E329C02A8A00F7D7BD /* BusketlistApp.swift */; };
		ABAE65E629C02A8A00F7D7BD /* ContentView.swift in Sources */ = {isa = PBXBuildFile; fileRef = ABAE65E529C02A8A00F7D7BD /* ContentView.swift */; };
		ABAE65E829C02A8D00F7D7BD /* Assets.xcassets in Resources */ = {isa = PBXBuildFile; fileRef = ABAE65E729C02A8D00F7D7BD /* Assets.xcassets */; };
		ABAE65EB29C02A8D00F7D7BD /* Preview Assets.xcassets in Resources */ = {isa = PBXBuildFile; fileRef = ABAE65EA29C02A8D00F7D7BD /* Preview Assets.xcassets */; };
		ABAE65F229C1934700F7D7BD /* Location.swift in Sources */ = {isa = PBXBuildFile; fileRef = ABAE65F129C1934700F7D7BD /* Location.swift */; };
		ABB4616229C383CB0055FC61 /* EditView-ViewModel.swift in Sources */ = {isa = PBXBuildFile; fileRef = ABB4616129C383CB0055FC61 /* EditView-ViewModel.swift */; };
		ABC1568D29C310960086C29F /* ContentView-ViewModel.swift in Sources */ = {isa = PBXBuildFile; fileRef = ABC1568C29C310960086C29F /* ContentView-ViewModel.swift */; };
		ABC1568F29C351B60086C29F /* FileManager-DocumentsDirectory.swift in Sources */ = {isa = PBXBuildFile; fileRef = ABC1568E29C351B60086C29F /* FileManager-DocumentsDirectory.swift */; };
		ABE87CE829C2DD260017D49F /* EditView.swift in Sources */ = {isa = PBXBuildFile; fileRef = ABE87CE729C2DD260017D49F /* EditView.swift */; };
		ABE87CEA29C2E6F00017D49F /* Result.swift in Sources */ = {isa = PBXBuildFile; fileRef = ABE87CE929C2E6F00017D49F /* Result.swift */; };
/* End PBXBuildFile section */

/* Begin PBXFileReference section */
		ABAE65E029C02A8A00F7D7BD /* Busketlist.app */ = {isa = PBXFileReference; explicitFileType = wrapper.application; includeInIndex = 0; path = Busketlist.app; sourceTree = BUILT_PRODUCTS_DIR; };
		ABAE65E329C02A8A00F7D7BD /* BusketlistApp.swift */ = {isa = PBXFileReference; lastKnownFileType = sourcecode.swift; path = BusketlistApp.swift; sourceTree = "<group>"; };
		ABAE65E529C02A8A00F7D7BD /* ContentView.swift */ = {isa = PBXFileReference; lastKnownFileType = sourcecode.swift; path = ContentView.swift; sourceTree = "<group>"; };
		ABAE65E729C02A8D00F7D7BD /* Assets.xcassets */ = {isa = PBXFileReference; lastKnownFileType = folder.assetcatalog; path = Assets.xcassets; sourceTree = "<group>"; };
		ABAE65EA29C02A8D00F7D7BD /* Preview Assets.xcassets */ = {isa = PBXFileReference; lastKnownFileType = folder.assetcatalog; path = "Preview Assets.xcassets"; sourceTree = "<group>"; };
		ABAE65F129C1934700F7D7BD /* Location.swift */ = {isa = PBXFileReference; lastKnownFileType = sourcecode.swift; path = Location.swift; sourceTree = "<group>"; };
		ABB4616129C383CB0055FC61 /* EditView-ViewModel.swift */ = {isa = PBXFileReference; lastKnownFileType = sourcecode.swift; path = "EditView-ViewModel.swift"; sourceTree = "<group>"; };
		ABC1568C29C310960086C29F /* ContentView-ViewModel.swift */ = {isa = PBXFileReference; lastKnownFileType = sourcecode.swift; path = "ContentView-ViewModel.swift"; sourceTree = "<group>"; };
		ABC1568E29C351B60086C29F /* FileManager-DocumentsDirectory.swift */ = {isa = PBXFileReference; lastKnownFileType = sourcecode.swift; path = "FileManager-DocumentsDirectory.swift"; sourceTree = "<group>"; };
		ABE87CE729C2DD260017D49F /* EditView.swift */ = {isa = PBXFileReference; lastKnownFileType = sourcecode.swift; path = EditView.swift; sourceTree = "<group>"; };
		ABE87CE929C2E6F00017D49F /* Result.swift */ = {isa = PBXFileReference; lastKnownFileType = sourcecode.swift; path = Result.swift; sourceTree = "<group>"; };
/* End PBXFileReference section */

/* Begin PBXFrameworksBuildPhase section */
		ABAE65DD29C02A8A00F7D7BD /* Frameworks */ = {
			isa = PBXFrameworksBuildPhase;
			buildActionMask = 2147483647;
			files = (
			);
			runOnlyForDeploymentPostprocessing = 0;
		};
/* End PBXFrameworksBuildPhase section */

/* Begin PBXGroup section */
		ABAE65D729C02A8A00F7D7BD = {
			isa = PBXGroup;
			children = (
				ABAE65E229C02A8A00F7D7BD /* Busketlist */,
				ABAE65E129C02A8A00F7D7BD /* Products */,
			);
			sourceTree = "<group>";
		};
		ABAE65E129C02A8A00F7D7BD /* Products */ = {
			isa = PBXGroup;
			children = (
				ABAE65E029C02A8A00F7D7BD /* Busketlist.app */,
			);
			name = Products;
			sourceTree = "<group>";
		};
		ABAE65E229C02A8A00F7D7BD /* Busketlist */ = {
			isa = PBXGroup;
			children = (
				ABAE65E329C02A8A00F7D7BD /* BusketlistApp.swift */,
				ABAE65E529C02A8A00F7D7BD /* ContentView.swift */,
				ABC1568C29C310960086C29F /* ContentView-ViewModel.swift */,
				ABC1568E29C351B60086C29F /* FileManager-DocumentsDirectory.swift */,
				ABE87CE929C2E6F00017D49F /* Result.swift */,
				ABE87CE729C2DD260017D49F /* EditView.swift */,
				ABB4616129C383CB0055FC61 /* EditView-ViewModel.swift */,
				ABAE65F129C1934700F7D7BD /* Location.swift */,
				ABAE65E729C02A8D00F7D7BD /* Assets.xcassets */,
				ABAE65E929C02A8D00F7D7BD /* Preview Content */,
			);
			path = Busketlist;
			sourceTree = "<group>";
		};
		ABAE65E929C02A8D00F7D7BD /* Preview Content */ = {
			isa = PBXGroup;
			children = (
				ABAE65EA29C02A8D00F7D7BD /* Preview Assets.xcassets */,
			);
			path = "Preview Content";
			sourceTree = "<group>";
		};
/* End PBXGroup section */

/* Begin PBXNativeTarget section */
		ABAE65DF29C02A8A00F7D7BD /* Busketlist */ = {
			isa = PBXNativeTarget;
			buildConfigurationList = ABAE65EE29C02A8D00F7D7BD /* Build configuration list for PBXNativeTarget "Busketlist" */;
			buildPhases = (
				ABAE65DC29C02A8A00F7D7BD /* Sources */,
				ABAE65DD29C02A8A00F7D7BD /* Frameworks */,
				ABAE65DE29C02A8A00F7D7BD /* Resources */,
			);
			buildRules = (
			);
			dependencies = (
			);
			name = Busketlist;
			productName = Busketlist;
			productReference = ABAE65E029C02A8A00F7D7BD /* Busketlist.app */;
			productType = "com.apple.product-type.application";
		};
/* End PBXNativeTarget section */

/* Begin PBXProject section */
		ABAE65D829C02A8A00F7D7BD /* Project object */ = {
			isa = PBXProject;
			attributes = {
				BuildIndependentTargetsInParallel = 1;
				LastSwiftUpdateCheck = 1420;
				LastUpgradeCheck = 1420;
				TargetAttributes = {
					ABAE65DF29C02A8A00F7D7BD = {
						CreatedOnToolsVersion = 14.2;
					};
				};
			};
			buildConfigurationList = ABAE65DB29C02A8A00F7D7BD /* Build configuration list for PBXProject "Busketlist" */;
			compatibilityVersion = "Xcode 14.0";
			developmentRegion = en;
			hasScannedForEncodings = 0;
			knownRegions = (
				en,
				Base,
			);
			mainGroup = ABAE65D729C02A8A00F7D7BD;
			productRefGroup = ABAE65E129C02A8A00F7D7BD /* Products */;
			projectDirPath = "";
			projectRoot = "";
			targets = (
				ABAE65DF29C02A8A00F7D7BD /* Busketlist */,
			);
		};
/* End PBXProject section */

/* Begin PBXResourcesBuildPhase section */
		ABAE65DE29C02A8A00F7D7BD /* Resources */ = {
			isa = PBXResourcesBuildPhase;
			buildActionMask = 2147483647;
			files = (
				ABAE65EB29C02A8D00F7D7BD /* Preview Assets.xcassets in Resources */,
				ABAE65E829C02A8D00F7D7BD /* Assets.xcassets in Resources */,
			);
			runOnlyForDeploymentPostprocessing = 0;
		};
/* End PBXResourcesBuildPhase section */

/* Begin PBXSourcesBuildPhase section */
		ABAE65DC29C02A8A00F7D7BD /* Sources */ = {
			isa = PBXSourcesBuildPhase;
			buildActionMask = 2147483647;
			files = (
				ABAE65E629C02A8A00F7D7BD /* ContentView.swift in Sources */,
				ABC1568F29C351B60086C29F /* FileManager-DocumentsDirectory.swift in Sources */,
				ABC1568D29C310960086C29F /* ContentView-ViewModel.swift in Sources */,
				ABE87CEA29C2E6F00017D49F /* Result.swift in Sources */,
				ABAE65F229C1934700F7D7BD /* Location.swift in Sources */,
				ABB4616229C383CB0055FC61 /* EditView-ViewModel.swift in Sources */,
				ABE87CE829C2DD260017D49F /* EditView.swift in Sources */,
				ABAE65E429C02A8A00F7D7BD /* BusketlistApp.swift in Sources */,
			);
			runOnlyForDeploymentPostprocessing = 0;
		};
/* End PBXSourcesBuildPhase section */

/* Begin XCBuildConfiguration section */
		ABAE65EC29C02A8D00F7D7BD /* Debug */ = {
			isa = XCBuildConfiguration;
			buildSettings = {
				ALWAYS_SEARCH_USER_PATHS = NO;
				CLANG_ANALYZER_NONNULL = YES;
				CLANG_ANALYZER_NUMBER_OBJECT_CONVERSION = YES_AGGRESSIVE;
				CLANG_CXX_LANGUAGE_STANDARD = "gnu++20";
				CLANG_ENABLE_MODULES = YES;
				CLANG_ENABLE_OBJC_ARC = YES;
				CLANG_ENABLE_OBJC_WEAK = YES;
				CLANG_WARN_BLOCK_CAPTURE_AUTORELEASING = YES;
				CLANG_WARN_BOOL_CONVERSION = YES;
				CLANG_WARN_COMMA = YES;
				CLANG_WARN_CONSTANT_CONVERSION = YES;
				CLANG_WARN_DEPRECATED_OBJC_IMPLEMENTATIONS = YES;
				CLANG_WARN_DIRECT_OBJC_ISA_USAGE = YES_ERROR;
				CLANG_WARN_DOCUMENTATION_COMMENTS = YES;
				CLANG_WARN_EMPTY_BODY = YES;
				CLANG_WARN_ENUM_CONVERSION = YES;
				CLANG_WARN_INFINITE_RECURSION = YES;
				CLANG_WARN_INT_CONVERSION = YES;
				CLANG_WARN_NON_LITERAL_NULL_CONVERSION = YES;
				CLANG_WARN_OBJC_IMPLICIT_RETAIN_SELF = YES;
				CLANG_WARN_OBJC_LITERAL_CONVERSION = YES;
				CLANG_WARN_OBJC_ROOT_CLASS = YES_ERROR;
				CLANG_WARN_QUOTED_INCLUDE_IN_FRAMEWORK_HEADER = YES;
				CLANG_WARN_RANGE_LOOP_ANALYSIS = YES;
				CLANG_WARN_STRICT_PROTOTYPES = YES;
				CLANG_WARN_SUSPICIOUS_MOVE = YES;
				CLANG_WARN_UNGUARDED_AVAILABILITY = YES_AGGRESSIVE;
				CLANG_WARN_UNREACHABLE_CODE = YES;
				CLANG_WARN__DUPLICATE_METHOD_MATCH = YES;
				COPY_PHASE_STRIP = NO;
				DEBUG_INFORMATION_FORMAT = dwarf;
				ENABLE_STRICT_OBJC_MSGSEND = YES;
				ENABLE_TESTABILITY = YES;
				GCC_C_LANGUAGE_STANDARD = gnu11;
				GCC_DYNAMIC_NO_PIC = NO;
				GCC_NO_COMMON_BLOCKS = YES;
				GCC_OPTIMIZATION_LEVEL = 0;
				GCC_PREPROCESSOR_DEFINITIONS = (
					"DEBUG=1",
					"$(inherited)",
				);
				GCC_WARN_64_TO_32_BIT_CONVERSION = YES;
				GCC_WARN_ABOUT_RETURN_TYPE = YES_ERROR;
				GCC_WARN_UNDECLARED_SELECTOR = YES;
				GCC_WARN_UNINITIALIZED_AUTOS = YES_AGGRESSIVE;
				GCC_WARN_UNUSED_FUNCTION = YES;
				GCC_WARN_UNUSED_VARIABLE = YES;
				IPHONEOS_DEPLOYMENT_TARGET = 16.2;
				MTL_ENABLE_DEBUG_INFO = INCLUDE_SOURCE;
				MTL_FAST_MATH = YES;
				ONLY_ACTIVE_ARCH = YES;
				SDKROOT = iphoneos;
				SWIFT_ACTIVE_COMPILATION_CONDITIONS = DEBUG;
				SWIFT_OPTIMIZATION_LEVEL = "-Onone";
			};
			name = Debug;
		};
		ABAE65ED29C02A8D00F7D7BD /* Release */ = {
			isa = XCBuildConfiguration;
			buildSettings = {
				ALWAYS_SEARCH_USER_PATHS = NO;
				CLANG_ANALYZER_NONNULL = YES;
				CLANG_ANALYZER_NUMBER_OBJECT_CONVERSION = YES_AGGRESSIVE;
				CLANG_CXX_LANGUAGE_STANDARD = "gnu++20";
				CLANG_ENABLE_MODULES = YES;
				CLANG_ENABLE_OBJC_ARC = YES;
				CLANG_ENABLE_OBJC_WEAK = YES;
				CLANG_WARN_BLOCK_CAPTURE_AUTORELEASING = YES;
				CLANG_WARN_BOOL_CONVERSION = YES;
				CLANG_WARN_COMMA = YES;
				CLANG_WARN_CONSTANT_CONVERSION = YES;
				CLANG_WARN_DEPRECATED_OBJC_IMPLEMENTATIONS = YES;
				CLANG_WARN_DIRECT_OBJC_ISA_USAGE = YES_ERROR;
				CLANG_WARN_DOCUMENTATION_COMMENTS = YES;
				CLANG_WARN_EMPTY_BODY = YES;
				CLANG_WARN_ENUM_CONVERSION = YES;
				CLANG_WARN_INFINITE_RECURSION = YES;
				CLANG_WARN_INT_CONVERSION = YES;
				CLANG_WARN_NON_LITERAL_NULL_CONVERSION = YES;
				CLANG_WARN_OBJC_IMPLICIT_RETAIN_SELF = YES;
				CLANG_WARN_OBJC_LITERAL_CONVERSION = YES;
				CLANG_WARN_OBJC_ROOT_CLASS = YES_ERROR;
				CLANG_WARN_QUOTED_INCLUDE_IN_FRAMEWORK_HEADER = YES;
				CLANG_WARN_RANGE_LOOP_ANALYSIS = YES;
				CLANG_WARN_STRICT_PROTOTYPES = YES;
				CLANG_WARN_SUSPICIOUS_MOVE = YES;
				CLANG_WARN_UNGUARDED_AVAILABILITY = YES_AGGRESSIVE;
				CLANG_WARN_UNREACHABLE_CODE = YES;
				CLANG_WARN__DUPLICATE_METHOD_MATCH = YES;
				COPY_PHASE_STRIP = NO;
				DEBUG_INFORMATION_FORMAT = "dwarf-with-dsym";
				ENABLE_NS_ASSERTIONS = NO;
				ENABLE_STRICT_OBJC_MSGSEND = YES;
				GCC_C_LANGUAGE_STANDARD = gnu11;
				GCC_NO_COMMON_BLOCKS = YES;
				GCC_WARN_64_TO_32_BIT_CONVERSION = YES;
				GCC_WARN_ABOUT_RETURN_TYPE = YES_ERROR;
				GCC_WARN_UNDECLARED_SELECTOR = YES;
				GCC_WARN_UNINITIALIZED_AUTOS = YES_AGGRESSIVE;
				GCC_WARN_UNUSED_FUNCTION = YES;
				GCC_WARN_UNUSED_VARIABLE = YES;
				IPHONEOS_DEPLOYMENT_TARGET = 16.2;
				MTL_ENABLE_DEBUG_INFO = NO;
				MTL_FAST_MATH = YES;
				SDKROOT = iphoneos;
				SWIFT_COMPILATION_MODE = wholemodule;
				SWIFT_OPTIMIZATION_LEVEL = "-O";
				VALIDATE_PRODUCT = YES;
			};
			name = Release;
		};
		ABAE65EF29C02A8D00F7D7BD /* Debug */ = {
			isa = XCBuildConfiguration;
			buildSettings = {
				ASSETCATALOG_COMPILER_APPICON_NAME = AppIcon;
				ASSETCATALOG_COMPILER_GLOBAL_ACCENT_COLOR_NAME = AccentColor;
				CODE_SIGN_STYLE = Automatic;
				CURRENT_PROJECT_VERSION = 1;
				DEVELOPMENT_ASSET_PATHS = "\"Busketlist/Preview Content\"";
				DEVELOPMENT_TEAM = 43YQFDZNH8;
				ENABLE_PREVIEWS = YES;
				GENERATE_INFOPLIST_FILE = YES;
				INFOPLIST_KEY_NSFaceIDUsageDescription = "Please authenicate yourself to unlock your places.";
				INFOPLIST_KEY_UIApplicationSceneManifest_Generation = YES;
				INFOPLIST_KEY_UIApplicationSupportsIndirectInputEvents = YES;
				INFOPLIST_KEY_UILaunchScreen_Generation = YES;
				INFOPLIST_KEY_UISupportedInterfaceOrientations_iPad = "UIInterfaceOrientationPortrait UIInterfaceOrientationPortraitUpsideDown UIInterfaceOrientationLandscapeLeft UIInterfaceOrientationLandscapeRight";
				INFOPLIST_KEY_UISupportedInterfaceOrientations_iPhone = "UIInterfaceOrientationPortrait UIInterfaceOrientationLandscapeLeft UIInterfaceOrientationLandscapeRight";
				LD_RUNPATH_SEARCH_PATHS = (
					"$(inherited)",
					"@executable_path/Frameworks",
				);
				MARKETING_VERSION = 1.0;
				PRODUCT_BUNDLE_IDENTIFIER = ru.artembolotov.Busketlist;
				PRODUCT_NAME = "$(TARGET_NAME)";
				SWIFT_EMIT_LOC_STRINGS = YES;
				SWIFT_VERSION = 5.0;
				TARGETED_DEVICE_FAMILY = "1,2";
			};
			name = Debug;
		};
		ABAE65F029C02A8D00F7D7BD /* Release */ = {
			isa = XCBuildConfiguration;
			buildSettings = {
				ASSETCATALOG_COMPILER_APPICON_NAME = AppIcon;
				ASSETCATALOG_COMPILER_GLOBAL_ACCENT_COLOR_NAME = AccentColor;
				CODE_SIGN_STYLE = Automatic;
				CURRENT_PROJECT_VERSION = 1;
				DEVELOPMENT_ASSET_PATHS = "\"Busketlist/Preview Content\"";
				DEVELOPMENT_TEAM = 43YQFDZNH8;
				ENABLE_PREVIEWS = YES;
				GENERATE_INFOPLIST_FILE = YES;
				INFOPLIST_KEY_NSFaceIDUsageDescription = "Please authenicate yourself to unlock your places.";
				INFOPLIST_KEY_UIApplicationSceneManifest_Generation = YES;
				INFOPLIST_KEY_UIApplicationSupportsIndirectInputEvents = YES;
				INFOPLIST_KEY_UILaunchScreen_Generation = YES;
				INFOPLIST_KEY_UISupportedInterfaceOrientations_iPad = "UIInterfaceOrientationPortrait UIInterfaceOrientationPortraitUpsideDown UIInterfaceOrientationLandscapeLeft UIInterfaceOrientationLandscapeRight";
				INFOPLIST_KEY_UISupportedInterfaceOrientations_iPhone = "UIInterfaceOrientationPortrait UIInterfaceOrientationLandscapeLeft UIInterfaceOrientationLandscapeRight";
				LD_RUNPATH_SEARCH_PATHS = (
					"$(inherited)",
					"@executable_path/Frameworks",
				);
				MARKETING_VERSION = 1.0;
				PRODUCT_BUNDLE_IDENTIFIER = ru.artembolotov.Busketlist;
				PRODUCT_NAME = "$(TARGET_NAME)";
				SWIFT_EMIT_LOC_STRINGS = YES;
				SWIFT_VERSION = 5.0;
				TARGETED_DEVICE_FAMILY = "1,2";
			};
			name = Release;
		};
/* End XCBuildConfiguration section */

/* Begin XCConfigurationList section */
		ABAE65DB29C02A8A00F7D7BD /* Build configuration list for PBXProject "Busketlist" */ = {
			isa = XCConfigurationList;
			buildConfigurations = (
				ABAE65EC29C02A8D00F7D7BD /* Debug */,
				ABAE65ED29C02A8D00F7D7BD /* Release */,
			);
			defaultConfigurationIsVisible = 0;
			defaultConfigurationName = Release;
		};
		ABAE65EE29C02A8D00F7D7BD /* Build configuration list for PBXNativeTarget "Busketlist" */ = {
			isa = XCConfigurationList;
			buildConfigurations = (
				ABAE65EF29C02A8D00F7D7BD /* Debug */,
				ABAE65F029C02A8D00F7D7BD /* Release */,
			);
			defaultConfigurationIsVisible = 0;
			defaultConfigurationName = Release;
		};
/* End XCConfigurationList section */
	};
	rootObject = ABAE65D829C02A8A00F7D7BD /* Project object */;
}
